
Microsoft Visual Studio Solution File, Format Version 12.00
# Visual Studio Version 16
VisualStudioVersion = 16.0.29503.13
MinimumVisualStudioVersion = 10.0.40219.1
Project("{FAE04EC0-301F-11D3-BF4B-00C04F79EFBC}") = "SuperSimpleCalculator", "SuperSimpleCalculator\SuperSimpleCalculator.csproj", "{ADC9540F-C698-43BD-86E2-4E25F19261AF}"
EndProject
Global
	GlobalSection(SolutionConfigurationPlatforms) = preSolution
		Debug|Any CPU = Debug|Any CPU
		Release|Any CPU = Release|Any CPU
	EndGlobalSection
	GlobalSection(ProjectConfigurationPlatforms) = postSolution
		{ADC9540F-C698-43BD-86E2-4E25F19261AF}.Debug|Any CPU.ActiveCfg = Debug|Any CPU
		{ADC9540F-C698-43BD-86E2-4E25F19261AF}.Debug|Any CPU.Build.0 = Debug|Any CPU
		{ADC9540F-C698-43BD-86E2-4E25F19261AF}.Release|Any CPU.ActiveCfg = Release|Any CPU
		{ADC9540F-C698-43BD-86E2-4E25F19261AF}.Release|Any CPU.Build.0 = Release|Any CPU
	EndGlobalSection
	GlobalSection(SolutionProperties) = preSolution
		HideSolutionNode = FALSE
	EndGlobalSection
	GlobalSection(ExtensibilityGlobals) = postSolution
		SolutionGuid = {C386FDED-D7AC-4F8C-AC02-2FB4884E66EC}
	EndGlobalSection
EndGlobal
